version = 1
revision = 3
requires-python = ">=3.10"
resolution-markers = [
    "python_full_version >= '3.12'",
    "python_full_version < '3.12'",
]

[[package]]
name = "amqp"
version = "5.3.1"
source = { registry = "https://pypi.org/simple" }
dependencies = [
    { name = "vine" },
]
sdist = { url = "https://files.pythonhosted.org/packages/79/fc/ec94a357dfc6683d8c86f8b4cfa5416a4c36b28052ec8260c77aca96a443/amqp-5.3.1.tar.gz", hash = "sha256:cddc00c725449522023bad949f70fff7b48f0b1ade74d170a6f10ab044739432", size = 129013, upload-time = "2024-11-12T19:55:44.051Z" }
wheels = [
    { url = "https://files.pythonhosted.org/packages/26/99/fc813cd978842c26c82534010ea849eee9ab3a13ea2b74e95cb9c99e747b/amqp-5.3.1-py3-none-any.whl", hash = "sha256:43b3319e1b4e7d1251833a93d672b4af1e40f3d632d479b98661a95f117880a2", size = 50944, upload-time = "2024-11-12T19:55:41.782Z" },
]

[[package]]
name = "asgiref"
version = "3.11.1"
source = { registry = "https://pypi.org/simple" }
dependencies = [
    { name = "typing-extensions", marker = "python_full_version < '3.11'" },
]
sdist = { url = "https://files.pythonhosted.org/packages/63/40/f03da1264ae8f7cfdbf9146542e5e7e8100a4c66ab48e791df9a03d3f6c0/asgiref-3.11.1.tar.gz", hash = "sha256:5f184dc43b7e763efe848065441eac62229c9f7b0475f41f80e207a114eda4ce", size = 38550, upload-time = "2026-02-03T13:30:14.33Z" }
wheels = [
    { url = "https://files.pythonhosted.org/packages/5c/0a/a72d10ed65068e115044937873362e6e32fab1b7dce0046aeb224682c989/asgiref-3.11.1-py3-none-any.whl", hash = "sha256:e8667a091e69529631969fd45dc268fa79b99c92c5fcdda727757e52146ec133", size = 24345, upload-time = "2026-02-03T13:30:13.039Z" },
]

[[package]]
name = "billiard"
version = "4.2.4"
source = { registry = "https://pypi.org/simple" }
sdist = { url = "https://files.pythonhosted.org/packages/58/23/b12ac0bcdfb7360d664f40a00b1bda139cbbbced012c34e375506dbd0143/billiard-4.2.4.tar.gz", hash = "sha256:55f542c371209e03cd5862299b74e52e4fbcba8250ba611ad94276b369b6a85f", size = 156537, upload-time = "2025-11-30T13:28:48.52Z" }
wheels = [
    { url = "https://files.pythonhosted.org/packages/cb/87/8bab77b323f16d67be364031220069f79159117dd5e43eeb4be2fef1ac9b/billiard-4.2.4-py3-none-any.whl", hash = "sha256:525b42bdec68d2b983347ac312f892db930858495db601b5836ac24e6477cde5", size = 87070, upload-time = "2025-11-30T13:28:47.016Z" },
]

[[package]]
name = "celery"
version = "5.6.3"
source = { registry = "https://pypi.org/simple" }
dependencies = [
    { name = "billiard" },
    { name = "click" },
    { name = "click-didyoumean" },
    { name = "click-plugins" },
    { name = "click-repl" },
    { name = "exceptiongroup", marker = "python_full_version < '3.11'" },
    { name = "kombu" },
    { name = "python-dateutil" },
    { name = "tzlocal" },
    { name = "vine" },
]
sdist = { url = "https://files.pythonhosted.org/packages/e8/b4/a1233943ab5c8ea05fb877a88a0a0622bf47444b99e4991a8045ac37ea1d/celery-5.6.3.tar.gz", hash = "sha256:177006bd2054b882e9f01be59abd8529e88879ef50d7918a7050c5a9f4e12912", size = 1742243, upload-time = "2026-03-26T12:14:51.76Z" }
wheels = [
    { url = "https://files.pythonhosted.org/packages/cf/c9/6eccdda96e098f7ae843162db2d3c149c6931a24fda69fe4ab84d0027eb5/celery-5.6.3-py3-none-any.whl", hash = "sha256:0808f42f80909c4d5833202360ffafb2a4f83f4d8e23e1285d926610e9a7afa6", size = 451235, upload-time = "2026-03-26T12:14:49.491Z" },
]

[[package]]
name = "click"
version = "8.3.3"
source = { registry = "https://pypi.org/simple" }
dependencies = [
    { name = "colorama", marker = "sys_platform == 'win32'" },
]
sdist = { url = "https://files.pythonhosted.org/packages/bb/63/f9e1ea081ce35720d8b92acde70daaedace594dc93b693c869e0d5910718/click-8.3.3.tar.gz", hash = "sha256:398329ad4837b2ff7cbe1dd166a4c0f8900c3ca3a218de04466f38f6497f18a2", size = 328061, upload-time = "2026-04-22T15:11:27.506Z" }
wheels = [
    { url = "https://files.pythonhosted.org/packages/ae/44/c1221527f6a71a01ec6fbad7fa78f1d50dfa02217385cf0fa3eec7087d59/click-8.3.3-py3-none-any.whl", hash = "sha256:a2bf429bb3033c89fa4936ffb35d5cb471e3719e1f3c8a7c3fff0b8314305613", size = 110502, upload-time = "2026-04-22T15:11:25.044Z" },
]

[[package]]
name = "click-didyoumean"
version = "0.3.1"
source = { registry = "https://pypi.org/simple" }
dependencies = [
    { name = "click" },
]
sdist = { url = "https://files.pythonhosted.org/packages/30/ce/217289b77c590ea1e7c24242d9ddd6e249e52c795ff10fac2c50062c48cb/click_didyoumean-0.3.1.tar.gz", hash = "sha256:4f82fdff0dbe64ef8ab2279bd6aa3f6a99c3b28c05aa09cbfc07c9d7fbb5a463", size = 3089, upload-time = "2024-03-24T08:22:07.499Z" }
wheels = [
    { url = "https://files.pythonhosted.org/packages/1b/5b/974430b5ffdb7a4f1941d13d83c64a0395114503cc357c6b9ae4ce5047ed/click_didyoumean-0.3.1-py3-none-any.whl", hash = "sha256:5c4bb6007cfea5f2fd6583a2fb6701a22a41eb98957e63d0fac41c10e7c3117c", size = 3631, upload-time = "2024-03-24T08:22:06.356Z" },
]

[[package]]
name = "click-plugins"
version = "1.1.1.2"
source = { registry = "https://pypi.org/simple" }
dependencies = [
    { name = "click" },
]
sdist = { url = "https://files.pythonhosted.org/packages/c3/a4/34847b59150da33690a36da3681d6bbc2ec14ee9a846bc30a6746e5984e4/click_plugins-1.1.1.2.tar.gz", hash = "sha256:d7af3984a99d243c131aa1a828331e7630f4a88a9741fd05c927b204bcf92261", size = 8343, upload-time = "2025-06-25T00:47:37.555Z" }
wheels = [
    { url = "https://files.pythonhosted.org/packages/3d/9a/2abecb28ae875e39c8cad711eb1186d8d14eab564705325e77e4e6ab9ae5/click_plugins-1.1.1.2-py2.py3-none-any.whl", hash = "sha256:008d65743833ffc1f5417bf0e78e8d2c23aab04d9745ba817bd3e71b0feb6aa6", size = 11051, upload-time = "2025-06-25T00:47:36.731Z" },
]

[[package]]
name = "click-repl"
version = "0.3.0"
source = { registry = "https://pypi.org/simple" }
dependencies = [
    { name = "click" },
    { name = "prompt-toolkit" },
]
sdist = { url = "https://files.pythonhosted.org/packages/cb/a2/57f4ac79838cfae6912f997b4d1a64a858fb0c86d7fcaae6f7b58d267fca/click-repl-0.3.0.tar.gz", hash = "sha256:17849c23dba3d667247dc4defe1757fff98694e90fe37474f3feebb69ced26a9", size = 10449, upload-time = "2023-06-15T12:43:51.141Z" }
wheels = [
    { url = "https://files.pythonhosted.org/packages/52/40/9d857001228658f0d59e97ebd4c346fe73e138c6de1bce61dc568a57c7f8/click_repl-0.3.0-py3-none-any.whl", hash = "sha256:fb7e06deb8da8de86180a33a9da97ac316751c094c6899382da7feeeeb51b812", size = 10289, upload-time = "2023-06-15T12:43:48.626Z" },
]

[[package]]
name = "colorama"
version = "0.4.6"
source = { registry = "https://pypi.org/simple" }
sdist = { url = "https://files.pythonhosted.org/packages/d8/53/6f443c9a4a8358a93a6792e2acffb9d9d5cb0a5cfd8802644b7b1c9a02e4/colorama-0.4.6.tar.gz", hash = "sha256:08695f5cb7ed6e0531a20572697297273c47b8cae5a63ffc6d6ed5c201be6e44", size = 27697, upload-time = "2022-10-25T02:36:22.414Z" }
wheels = [
    { url = "https://files.pythonhosted.org/packages/d1/d6/3965ed04c63042e047cb6a3e6ed1a63a35087b6a609aa3a15ed8ac56c221/colorama-0.4.6-py2.py3-none-any.whl", hash = "sha256:4f1d9991f5acc0ca119f9d443620b77f9d6b33703e51011c16baf57afb285fc6", size = 25335, upload-time = "2022-10-25T02:36:20.889Z" },
]

[[package]]
name = "django"
version = "5.2.13"
source = { registry = "https://pypi.org/simple" }
resolution-markers = [
    "python_full_version < '3.12'",
]
dependencies = [
    { name = "asgiref", marker = "python_full_version < '3.12'" },
    { name = "sqlparse", marker = "python_full_version < '3.12'" },
    { name = "tzdata", marker = "python_full_version < '3.12' and sys_platform == 'win32'" },
]
sdist = { url = "https://files.pythonhosted.org/packages/1f/c5/c69e338eb2959f641045802e5ea87ca4bf5ac90c5fd08953ca10742fad51/django-5.2.13.tar.gz", hash = "sha256:a31589db5188d074c63f0945c3888fad104627dfcc236fb2b97f71f89da33bc4", size = 10890368, upload-time = "2026-04-07T14:02:15.072Z" }
wheels = [
    { url = "https://files.pythonhosted.org/packages/59/b1/51ab36b2eefcf8cdb9338c7188668a157e29e30306bfc98a379704c9e10d/django-5.2.13-py3-none-any.whl", hash = "sha256:5788fce61da23788a8ce6f02583765ab060d396720924789f97fa42119d37f7a", size = 8310982, upload-time = "2026-04-07T14:02:08.883Z" },
]

[[package]]
name = "django"
version = "6.0.4"
source = { registry = "https://pypi.org/simple" }
resolution-markers = [
    "python_full_version >= '3.12'",
]
dependencies = [
    { name = "asgiref", marker = "python_full_version >= '3.12'" },
    { name = "sqlparse", marker = "python_full_version >= '3.12'" },
    { name = "tzdata", marker = "python_full_version >= '3.12' and sys_platform == 'win32'" },
]
sdist = { url = "https://files.pythonhosted.org/packages/60/b9/4155091ad1788b38563bd77a7258c0834e8c12a7f56f6975deaf54f8b61d/django-6.0.4.tar.gz", hash = "sha256:8cfa2572b3f2768b2e84983cf3c4811877a01edb64e817986ec5d60751c113ac", size = 10907407, upload-time = "2026-04-07T13:55:44.961Z" }
wheels = [
    { url = "https://files.pythonhosted.org/packages/e9/47/3d61d611609764aa71a37f7037b870e7bfb22937366974c4fd46cada7bab/django-6.0.4-py3-none-any.whl", hash = "sha256:14359c809fc16e8f81fd2b59d7d348e4d2d799da6840b10522b6edf7b8afc1da", size = 8368342, upload-time = "2026-04-07T13:55:37.999Z" },
]

[[package]]
name = "django-extensions"
version = "4.1"
source = { registry = "https://pypi.org/simple" }
dependencies = [
    { name = "django", version = "5.2.13", source = { registry = "https://pypi.org/simple" }, marker = "python_full_version < '3.12'" },
    { name = "django", version = "6.0.4", source = { registry = "https://pypi.org/simple" }, marker = "python_full_version >= '3.12'" },
]
sdist = { url = "https://files.pythonhosted.org/packages/6d/b3/ed0f54ed706ec0b54fd251cc0364a249c6cd6c6ec97f04dc34be5e929eac/django_extensions-4.1.tar.gz", hash = "sha256:7b70a4d28e9b840f44694e3f7feb54f55d495f8b3fa6c5c0e5e12bcb2aa3cdeb", size = 283078, upload-time = "2025-04-11T01:15:39.617Z" }
wheels = [
    { url = "https://files.pythonhosted.org/packages/64/96/d967ca440d6a8e3861120f51985d8e5aec79b9a8bdda16041206adfe7adc/django_extensions-4.1-py3-none-any.whl", hash = "sha256:0699a7af28f2523bf8db309a80278519362cd4b6e1fd0a8cd4bf063e1e023336", size = 232980, upload-time = "2025-04-11T01:15:37.701Z" },
]

[[package]]
name = "django-ipware"
version = "7.0.1"
source = { registry = "https://pypi.org/simple" }
dependencies = [
    { name = "python-ipware" },
]
sdist = { url = "https://files.pythonhosted.org/packages/23/64/c7e4791edf01ba483cce444770b3e6a930ba12195ba1eeb37b5bf6dce8a8/django-ipware-7.0.1.tar.gz", hash = "sha256:d9ec43d2bf7cdf216fed8d494a084deb5761a54860a53b2e74346a4f384cff47", size = 6827, upload-time = "2024-04-19T20:02:49.257Z" }
wheels = [
    { url = "https://files.pythonhosted.org/packages/11/33/bf539925b102d68200da5b1d3eacb8aa5d5d9a065972e8b8724d0d53bb0d/django_ipware-7.0.1-py2.py3-none-any.whl", hash = "sha256:db16bbee920f661ae7f678e4270460c85850f03c6761a4eaeb489bdc91f64709", size = 6425, upload-time = "2024-04-19T20:02:47.469Z" },
]

[[package]]
name = "django-structlog"
source = { editable = "." }
dependencies = [
    { name = "asgiref" },
    { name = "django", version = "5.2.13", source = { registry = "https://pypi.org/simple" }, marker = "python_full_version < '3.12'" },
    { name = "django", version = "6.0.4", source = { registry = "https://pypi.org/simple" }, marker = "python_full_version >= '3.12'" },
    { name = "django-ipware" },
    { name = "structlog" },
]

[package.optional-dependencies]
celery = [
    { name = "celery" },
]
commands = [
    { name = "django-extensions" },
]

[package.metadata]
requires-dist = [
    { name = "asgiref", specifier = ">=3.6.0" },
    { name = "celery", marker = "extra == 'celery'", specifier = ">=5.1" },
    { name = "django", specifier = ">=4.2" },
    { name = "django-extensions", marker = "extra == 'commands'", specifier = ">=1.4.9" },
    { name = "django-ipware", specifier = ">=6.0.2" },
    { name = "structlog", specifier = ">=21.4.0" },
]
provides-extras = ["celery", "commands"]

[[package]]
name = "exceptiongroup"
version = "1.3.1"
source = { registry = "https://pypi.org/simple" }
dependencies = [
    { name = "typing-extensions", marker = "python_full_version < '3.12'" },
]
sdist = { url = "https://files.pythonhosted.org/packages/50/79/66800aadf48771f6b62f7eb014e352e5d06856655206165d775e675a02c9/exceptiongroup-1.3.1.tar.gz", hash = "sha256:8b412432c6055b0b7d14c310000ae93352ed6754f70fa8f7c34141f91c4e3219", size = 30371, upload-time = "2025-11-21T23:01:54.787Z" }
wheels = [
    { url = "https://files.pythonhosted.org/packages/8a/0e/97c33bf5009bdbac74fd2beace167cab3f978feb69cc36f1ef79360d6c4e/exceptiongroup-1.3.1-py3-none-any.whl", hash = "sha256:a7a39a3bd276781e98394987d3a5701d0c4edffb633bb7a5144577f82c773598", size = 16740, upload-time = "2025-11-21T23:01:53.443Z" },
]

[[package]]
name = "kombu"
version = "5.6.2"
source = { registry = "https://pypi.org/simple" }
dependencies = [
    { name = "amqp" },
    { name = "packaging" },
    { name = "tzdata" },
    { name = "vine" },
]
sdist = { url = "https://files.pythonhosted.org/packages/b6/a5/607e533ed6c83ae1a696969b8e1c137dfebd5759a2e9682e26ff1b97740b/kombu-5.6.2.tar.gz", hash = "sha256:8060497058066c6f5aed7c26d7cd0d3b574990b09de842a8c5aaed0b92cc5a55", size = 472594, upload-time = "2025-12-29T20:30:07.779Z" }
wheels = [
    { url = "https://files.pythonhosted.org/packages/fb/0f/834427d8c03ff1d7e867d3db3d176470c64871753252b21b4f4897d1fa45/kombu-5.6.2-py3-none-any.whl", hash = "sha256:efcfc559da324d41d61ca311b0c64965ea35b4c55cc04ee36e55386145dace93", size = 214219, upload-time = "2025-12-29T20:30:05.74Z" },
]

[[package]]
name = "packaging"
version = "26.2"
source = { registry = "https://pypi.org/simple" }
sdist = { url = "https://files.pythonhosted.org/packages/d7/f1/e7a6dd94a8d4a5626c03e4e99c87f241ba9e350cd9e6d75123f992427270/packaging-26.2.tar.gz", hash = "sha256:ff452ff5a3e828ce110190feff1178bb1f2ea2281fa2075aadb987c2fb221661", size = 228134, upload-time = "2026-04-24T20:15:23.917Z" }
wheels = [
    { url = "https://files.pythonhosted.org/packages/df/b2/87e62e8c3e2f4b32e5fe99e0b86d576da1312593b39f47d8ceef365e95ed/packaging-26.2-py3-none-any.whl", hash = "sha256:5fc45236b9446107ff2415ce77c807cee2862cb6fac22b8a73826d0693b0980e", size = 100195, upload-time = "2026-04-24T20:15:22.081Z" },
]

[[package]]
name = "prompt-toolkit"
version = "3.0.52"
source = { registry = "https://pypi.org/simple" }
dependencies = [
    { name = "wcwidth" },
]
sdist = { url = "https://files.pythonhosted.org/packages/a1/96/06e01a7b38dce6fe1db213e061a4602dd6032a8a97ef6c1a862537732421/prompt_toolkit-3.0.52.tar.gz", hash = "sha256:28cde192929c8e7321de85de1ddbe736f1375148b02f2e17edd840042b1be855", size = 434198, upload-time = "2025-08-27T15:24:02.057Z" }
wheels = [
    { url = "https://files.pythonhosted.org/packages/84/03/0d3ce49e2505ae70cf43bc5bb3033955d2fc9f932163e84dc0779cc47f48/prompt_toolkit-3.0.52-py3-none-any.whl", hash = "sha256:9aac639a3bbd33284347de5ad8d68ecc044b91a762dc39b7c21095fcd6a19955", size = 391431, upload-time = "2025-08-27T15:23:59.498Z" },
]

[[package]]
name = "python-dateutil"
version = "2.9.0.post0"
source = { registry = "https://pypi.org/simple" }
dependencies = [
    { name = "six" },
]
sdist = { url = "https://files.pythonhosted.org/packages/66/c0/0c8b6ad9f17a802ee498c46e004a0eb49bc148f2fd230864601a86dcf6db/python-dateutil-2.9.0.post0.tar.gz", hash = "sha256:37dd54208da7e1cd875388217d5e00ebd4179249f90fb72437e91a35459a0ad3", size = 342432, upload-time = "2024-03-01T18:36:20.211Z" }
wheels = [
    { url = "https://files.pythonhosted.org/packages/ec/57/56b9bcc3c9c6a792fcbaf139543cee77261f3651ca9da0c93f5c1221264b/python_dateutil-2.9.0.post0-py2.py3-none-any.whl", hash = "sha256:a8b2bc7bffae282281c8140a97d3aa9c14da0b136dfe83f850eea9a5f7470427", size = 229892, upload-time = "2024-03-01T18:36:18.57Z" },
]

[[package]]
name = "python-ipware"
version = "3.0.0"
source = { registry = "https://pypi.org/simple" }
sdist = { url = "https://files.pythonhosted.org/packages/9e/60/da4426c3e9aee56f08b24091a9e85a0414260f928f97afd0013dfbd0332f/python_ipware-3.0.0.tar.gz", hash = "sha256:9117b1c4dddcb5d5ca49e6a9617de2fc66aec2ef35394563ac4eecabdf58c062", size = 16609, upload-time = "2024-04-19T20:00:58.938Z" }
wheels = [
    { url = "https://files.pythonhosted.org/packages/08/bd/ccd7416fdb30f104ddf6cfd8ee9f699441c7d9880a26f9b3089438adee05/python_ipware-3.0.0-py3-none-any.whl", hash = "sha256:fc936e6e7ec9fcc107f9315df40658f468ac72f739482a707181742882e36b60", size = 10761, upload-time = "2024-04-19T20:00:57.171Z" },
]

[[package]]
name = "six"
version = "1.17.0"
source = { registry = "https://pypi.org/simple" }
sdist = { url = "https://files.pythonhosted.org/packages/94/e7/b2c673351809dca68a0e064b6af791aa332cf192da575fd474ed7d6f16a2/six-1.17.0.tar.gz", hash = "sha256:ff70335d468e7eb6ec65b95b99d3a2836546063f63acc5171de367e834932a81", size = 34031, upload-time = "2024-12-04T17:35:28.174Z" }
wheels = [
    { url = "https://files.pythonhosted.org/packages/b7/ce/149a00dd41f10bc29e5921b496af8b574d8413afcd5e30dfa0ed46c2cc5e/six-1.17.0-py2.py3-none-any.whl", hash = "sha256:4721f391ed90541fddacab5acf947aa0d3dc7d27b2e1e8eda2be8970586c3274", size = 11050, upload-time = "2024-12-04T17:35:26.475Z" },
]

[[package]]
name = "sqlparse"
version = "0.5.5"
source = { registry = "https://pypi.org/simple" }
sdist = { url = "https://files.pythonhosted.org/packages/90/76/437d71068094df0726366574cf3432a4ed754217b436eb7429415cf2d480/sqlparse-0.5.5.tar.gz", hash = "sha256:e20d4a9b0b8585fdf63b10d30066c7c94c5d7a7ec47c889a2d83a3caa93ff28e", size = 120815, upload-time = "2025-12-19T07:17:45.073Z" }
wheels = [
    { url = "https://files.pythonhosted.org/packages/49/4b/359f28a903c13438ef59ebeee215fb25da53066db67b305c125f1c6d2a25/sqlparse-0.5.5-py3-none-any.whl", hash = "sha256:12a08b3bf3eec877c519589833aed092e2444e68240a3577e8e26148acc7b1ba", size = 46138, upload-time = "2025-12-19T07:17:46.573Z" },
]

[[package]]
name = "structlog"
version = "25.5.0"
source = { registry = "https://pypi.org/simple" }
dependencies = [
    { name = "typing-extensions", marker = "python_full_version < '3.11'" },
]
sdist = { url = "https://files.pythonhosted.org/packages/ef/52/9ba0f43b686e7f3ddfeaa78ac3af750292662284b3661e91ad5494f21dbc/structlog-25.5.0.tar.gz", hash = "sha256:098522a3bebed9153d4570c6d0288abf80a031dfdb2048d59a49e9dc2190fc98", size = 1460830, upload-time = "2025-10-27T08:28:23.028Z" }
wheels = [
    { url = "https://files.pythonhosted.org/packages/a8/45/a132b9074aa18e799b891b91ad72133c98d8042c70f6240e4c5f9dabee2f/structlog-25.5.0-py3-none-any.whl", hash = "sha256:a8453e9b9e636ec59bd9e79bbd4a72f025981b3ba0f5837aebf48f02f37a7f9f", size = 72510, upload-time = "2025-10-27T08:28:21.535Z" },
]

[[package]]
name = "typing-extensions"
version = "4.15.0"
source = { registry = "https://pypi.org/simple" }
sdist = { url = "https://files.pythonhosted.org/packages/72/94/1a15dd82efb362ac84269196e94cf00f187f7ed21c242792a923cdb1c61f/typing_extensions-4.15.0.tar.gz", hash = "sha256:0cea48d173cc12fa28ecabc3b837ea3cf6f38c6d1136f85cbaaf598984861466", size = 109391, upload-time = "2025-08-25T13:49:26.313Z" }
wheels = [
    { url = "https://files.pythonhosted.org/packages/18/67/36e9267722cc04a6b9f15c7f3441c2363321a3ea07da7ae0c0707beb2a9c/typing_extensions-4.15.0-py3-none-any.whl", hash = "sha256:f0fa19c6845758ab08074a0cfa8b7aecb71c999ca73d62883bc25cc018c4e548", size = 44614, upload-time = "2025-08-25T13:49:24.86Z" },
]

[[package]]
name = "tzdata"
version = "2026.2"
source = { registry = "https://pypi.org/simple" }
sdist = { url = "https://files.pythonhosted.org/packages/ba/19/1b9b0e29f30c6d35cb345486df41110984ea67ae69dddbc0e8a100999493/tzdata-2026.2.tar.gz", hash = "sha256:9173fde7d80d9018e02a662e168e5a2d04f87c41ea174b139fbef642eda62d10", size = 198254, upload-time = "2026-04-24T15:22:08.651Z" }
wheels = [
    { url = "https://files.pythonhosted.org/packages/ce/e4/dccd7f47c4b64213ac01ef921a1337ee6e30e8c6466046018326977efd95/tzdata-2026.2-py2.py3-none-any.whl", hash = "sha256:bbe9af844f658da81a5f95019480da3a89415801f6cc966806612cc7169bffe7", size = 349321, upload-time = "2026-04-24T15:22:05.876Z" },
]

[[package]]
name = "tzlocal"
version = "5.3.1"
source = { registry = "https://pypi.org/simple" }
dependencies = [
    { name = "tzdata", marker = "sys_platform == 'win32'" },
]
sdist = { url = "https://files.pythonhosted.org/packages/8b/2e/c14812d3d4d9cd1773c6be938f89e5735a1f11a9f184ac3639b93cef35d5/tzlocal-5.3.1.tar.gz", hash = "sha256:cceffc7edecefea1f595541dbd6e990cb1ea3d19bf01b2809f362a03dd7921fd", size = 30761, upload-time = "2025-03-05T21:17:41.549Z" }
wheels = [
    { url = "https://files.pythonhosted.org/packages/c2/14/e2a54fabd4f08cd7af1c07030603c3356b74da07f7cc056e600436edfa17/tzlocal-5.3.1-py3-none-any.whl", hash = "sha256:eb1a66c3ef5847adf7a834f1be0800581b683b5608e74f86ecbcef8ab91bb85d", size = 18026, upload-time = "2025-03-05T21:17:39.857Z" },
]

[[package]]
name = "vine"
version = "5.1.0"
source = { registry = "https://pypi.org/simple" }
sdist = { url = "https://files.pythonhosted.org/packages/bd/e4/d07b5f29d283596b9727dd5275ccbceb63c44a1a82aa9e4bfd20426762ac/vine-5.1.0.tar.gz", hash = "sha256:8b62e981d35c41049211cf62a0a1242d8c1ee9bd15bb196ce38aefd6799e61e0", size = 48980, upload-time = "2023-11-05T08:46:53.857Z" }
wheels = [
    { url = "https://files.pythonhosted.org/packages/03/ff/7c0c86c43b3cbb927e0ccc0255cb4057ceba4799cd44ae95174ce8e8b5b2/vine-5.1.0-py3-none-any.whl", hash = "sha256:40fdf3c48b2cfe1c38a49e9ae2da6fda88e4794c810050a728bd7413811fb1dc", size = 9636, upload-time = "2023-11-05T08:46:51.205Z" },
]

[[package]]
name = "wcwidth"
version = "0.6.0"
source = { registry = "https://pypi.org/simple" }
sdist = { url = "https://files.pythonhosted.org/packages/35/a2/8e3becb46433538a38726c948d3399905a4c7cabd0df578ede5dc51f0ec2/wcwidth-0.6.0.tar.gz", hash = "sha256:cdc4e4262d6ef9a1a57e018384cbeb1208d8abbc64176027e2c2455c81313159", size = 159684, upload-time = "2026-02-06T19:19:40.919Z" }
wheels = [
    { url = "https://files.pythonhosted.org/packages/68/5a/199c59e0a824a3db2b89c5d2dade7ab5f9624dbf6448dc291b46d5ec94d3/wcwidth-0.6.0-py3-none-any.whl", hash = "sha256:1a3a1e510b553315f8e146c54764f4fb6264ffad731b3d78088cdb1478ffbdad", size = 94189, upload-time = "2026-02-06T19:19:39.646Z" },
]
